{
  "name": "radar-produtos-marketplaces",
  "version": "1.0.0",
  "lockfileVersion": 3,
  "requires": true,
  "packages": {
    "": {
      "name": "radar-produtos-marketplaces",
      "version": "1.0.0",
      "dependencies": {
        "amazon-creators-api": "^1.2.2"
      }
    },
    "node_modules/amazon-creators-api": {
      "version": "1.2.2",
      "resolved": "https://registry.npmjs.org/amazon-creators-api/-/amazon-creators-api-1.2.2.tgz",
      "integrity": "sha512-qS7B1rF+UVlgBSQUf0iXrj1IQfIu7tkpqJAK+zk4XsIOPVrqVdueaEdUXELlA7KRJQewP7bdkocMRYIUDq9NZA==",
      "license": "Apache-2.0",
      "engines": {
        "node": ">=18.0.0"
      }
    }
  }
}
